// !$*UTF8*$!
{
	archiveVersion = 1;
	classes = {
	};
	objectVersion = 50;
	objects = {

/* Begin PBXBuildFile section */
		ED18027D22D5164C00F2DA71 /* AppDelegate.swift in Sources */ = {isa = PBXBuildFile; fileRef = ED18027C22D5164C00F2DA71 /* AppDelegate.swift */; };
		ED18027F22D5164C00F2DA71 /* SceneDelegate.swift in Sources */ = {isa = PBXBuildFile; fileRef = ED18027E22D5164C00F2DA71 /* SceneDelegate.swift */; };
		ED18028122D5164C00F2DA71 /* ContentView.swift in Sources */ = {isa = PBXBuildFile; fileRef = ED18028022D5164C00F2DA71 /* ContentView.swift */; };
		ED18028322D5164C00F2DA71 /* Assets.xcassets in Resources */ = {isa = PBXBuildFile; fileRef = ED18028222D5164C00F2DA71 /* Assets.xcassets */; };
		ED18028622D5164C00F2DA71 /* Preview Assets.xcassets in Resources */ = {isa = PBXBuildFile; fileRef = ED18028522D5164C00F2DA71 /* Preview Assets.xcassets */; };
		ED18028922D5164C00F2DA71 /* LaunchScreen.storyboard in Resources */ = {isa = PBXBuildFile; fileRef = ED18028722D5164C00F2DA71 /* LaunchScreen.storyboard */; };
		ED18029122D5168900F2DA71 /* TodoViewModel.swift in Sources */ = {isa = PBXBuildFile; fileRef = ED18029022D5168900F2DA71 /* TodoViewModel.swift */; };
		ED18029322D516AA00F2DA71 /* ItemView.swift in Sources */ = {isa = PBXBuildFile; fileRef = ED18029222D516AA00F2DA71 /* ItemView.swift */; };
/* End PBXBuildFile section */

/* Begin PBXFileReference section */
		ED18027922D5164C00F2DA71 /* TodoMVC.app */ = {isa = PBXFileReference; explicitFileType = wrapper.application; includeInIndex = 0; path = TodoMVC.app; sourceTree = BUILT_PRODUCTS_DIR; };
		ED18027C22D5164C00F2DA71 /* AppDelegate.swift */ = {isa = PBXFileReference; lastKnownFileType = sourcecode.swift; path = AppDelegate.swift; sourceTree = "<group>"; };
		ED18027E22D5164C00F2DA71 /* SceneDelegate.swift */ = {isa = PBXFileReference; lastKnownFileType = sourcecode.swift; path = SceneDelegate.swift; sourceTree = "<group>"; };
		ED18028022D5164C00F2DA71 /* ContentView.swift */ = {isa = PBXFileReference; lastKnownFileType = sourcecode.swift; path = ContentView.swift; sourceTree = "<group>"; };
		ED18028222D5164C00F2DA71 /* Assets.xcassets */ = {isa = PBXFileReference; lastKnownFileType = folder.assetcatalog; path = Assets.xcassets; sourceTree = "<group>"; };
		ED18028522D5164C00F2DA71 /* Preview Assets.xcassets */ = {isa = PBXFileReference; lastKnownFileType = folder.assetcatalog; path = "Preview Assets.xcassets"; sourceTree = "<group>"; };
		ED18028822D5164C00F2DA71 /* Base */ = {isa = PBXFileReference; lastKnownFileType = file.storyboard; name = Base; path = Base.lproj/LaunchScreen.storyboard; sourceTree = "<group>"; };
		ED18028A22D5164C00F2DA71 /* Info.plist */ = {isa = PBXFileReference; lastKnownFileType = text.plist.xml; path = Info.plist; sourceTree = "<group>"; };
		ED18029022D5168900F2DA71 /* TodoViewModel.swift */ = {isa = PBXFileReference; lastKnownFileType = sourcecode.swift; path = TodoViewModel.swift; sourceTree = "<group>"; };
		ED18029222D516AA00F2DA71 /* ItemView.swift */ = {isa = PBXFileReference; lastKnownFileType = sourcecode.swift; path = ItemView.swift; sourceTree = "<group>"; };
/* End PBXFileReference section */

/* Begin PBXFrameworksBuildPhase section */
		ED18027622D5164C00F2DA71 /* Frameworks */ = {
			isa = PBXFrameworksBuildPhase;
			buildActionMask = 2147483647;
			files = (
			);
			runOnlyForDeploymentPostprocessing = 0;
		};
/* End PBXFrameworksBuildPhase section */

/* Begin PBXGroup section */
		ED18027022D5164C00F2DA71 = {
			isa = PBXGroup;
			children = (
				ED18027B22D5164C00F2DA71 /* TodoMVC */,
				ED18027A22D5164C00F2DA71 /* Products */,
			);
			sourceTree = "<group>";
		};
		ED18027A22D5164C00F2DA71 /* Products */ = {
			isa = PBXGroup;
			children = (
				ED18027922D5164C00F2DA71 /* TodoMVC.app */,
			);
			name = Products;
			sourceTree = "<group>";
		};
		ED18027B22D5164C00F2DA71 /* TodoMVC */ = {
			isa = PBXGroup;
			children = (
				ED18027C22D5164C00F2DA71 /* AppDelegate.swift */,
				ED18027E22D5164C00F2DA71 /* SceneDelegate.swift */,
				ED18028022D5164C00F2DA71 /* ContentView.swift */,
				ED18029222D516AA00F2DA71 /* ItemView.swift */,
				ED18029022D5168900F2DA71 /* TodoViewModel.swift */,
				ED18028222D5164C00F2DA71 /* Assets.xcassets */,
				ED18028722D5164C00F2DA71 /* LaunchScreen.storyboard */,
				ED18028A22D5164C00F2DA71 /* Info.plist */,
				ED18028422D5164C00F2DA71 /* Preview Content */,
			);
			path = TodoMVC;
			sourceTree = "<group>";
		};
		ED18028422D5164C00F2DA71 /* Preview Content */ = {
			isa = PBXGroup;
			children = (
				ED18028522D5164C00F2DA71 /* Preview Assets.xcassets */,
			);
			path = "Preview Content";
			sourceTree = "<group>";
		};
/* End PBXGroup section */

/* Begin PBXNativeTarget section */
		ED18027822D5164C00F2DA71 /* TodoMVC */ = {
			isa = PBXNativeTarget;
			buildConfigurationList = ED18028D22D5164C00F2DA71 /* Build configuration list for PBXNativeTarget "TodoMVC" */;
			buildPhases = (
				ED18027522D5164C00F2DA71 /* Sources */,
				ED18027622D5164C00F2DA71 /* Frameworks */,
				ED18027722D5164C00F2DA71 /* Resources */,
			);
			buildRules = (
			);
			dependencies = (
			);
			name = TodoMVC;
			productName = TodoMVC;
			productReference = ED18027922D5164C00F2DA71 /* TodoMVC.app */;
			productType = "com.apple.product-type.application";
		};
/* End PBXNativeTarget section */

/* Begin PBXProject section */
		ED18027122D5164C00F2DA71 /* Project object */ = {
			isa = PBXProject;
			attributes = {
				LastSwiftUpdateCheck = 1100;
				LastUpgradeCheck = 1100;
				ORGANIZATIONNAME = "Ryan Ashcraft";
				TargetAttributes = {
					ED18027822D5164C00F2DA71 = {
						CreatedOnToolsVersion = 11.0;
					};
				};
			};
			buildConfigurationList = ED18027422D5164C00F2DA71 /* Build configuration list for PBXProject "TodoMVC" */;
			compatibilityVersion = "Xcode 9.3";
			developmentRegion = en;
			hasScannedForEncodings = 0;
			knownRegions = (
				en,
				Base,
			);
			mainGroup = ED18027022D5164C00F2DA71;
			productRefGroup = ED18027A22D5164C00F2DA71 /* Products */;
			projectDirPath = "";
			projectRoot = "";
			targets = (
				ED18027822D5164C00F2DA71 /* TodoMVC */,
			);
		};
/* End PBXProject section */

/* Begin PBXResourcesBuildPhase section */
		ED18027722D5164C00F2DA71 /* Resources */ = {
			isa = PBXResourcesBuildPhase;
			buildActionMask = 2147483647;
			files = (
				ED18028922D5164C00F2DA71 /* LaunchScreen.storyboard in Resources */,
				ED18028622D5164C00F2DA71 /* Preview Assets.xcassets in Resources */,
				ED18028322D5164C00F2DA71 /* Assets.xcassets in Resources */,
			);
			runOnlyForDeploymentPostprocessing = 0;
		};
/* End PBXResourcesBuildPhase section */

/* Begin PBXSourcesBuildPhase section */
		ED18027522D5164C00F2DA71 /* Sources */ = {
			isa = PBXSourcesBuildPhase;
			buildActionMask = 2147483647;
			files = (
				ED18027D22D5164C00F2DA71 /* AppDelegate.swift in Sources */,
				ED18027F22D5164C00F2DA71 /* SceneDelegate.swift in Sources */,
				ED18029122D5168900F2DA71 /* TodoViewModel.swift in Sources */,
				ED18029322D516AA00F2DA71 /* ItemView.swift in Sources */,
				ED18028122D5164C00F2DA71 /* ContentView.swift in Sources */,
			);
			runOnlyForDeploymentPostprocessing = 0;
		};
/* End PBXSourcesBuildPhase section */

/* Begin PBXVariantGroup section */
		ED18028722D5164C00F2DA71 /* LaunchScreen.storyboard */ = {
			isa = PBXVariantGroup;
			children = (
				ED18028822D5164C00F2DA71 /* Base */,
			);
			name = LaunchScreen.storyboard;
			sourceTree = "<group>";
		};
/* End PBXVariantGroup section */

/* Begin XCBuildConfiguration section */
		ED18028B22D5164C00F2DA71 /* Debug */ = {
			isa = XCBuildConfiguration;
			buildSettings = {
				ALWAYS_SEARCH_USER_PATHS = NO;
				CLANG_ANALYZER_NONNULL = YES;
				CLANG_ANALYZER_NUMBER_OBJECT_CONVERSION = YES_AGGRESSIVE;
				CLANG_CXX_LANGUAGE_STANDARD = "gnu++14";
				CLANG_CXX_LIBRARY = "libc++";
				CLANG_ENABLE_MODULES = YES;
				CLANG_ENABLE_OBJC_ARC = YES;
				CLANG_ENABLE_OBJC_WEAK = YES;
				CLANG_WARN_BLOCK_CAPTURE_AUTORELEASING = YES;
				CLANG_WARN_BOOL_CONVERSION = YES;
				CLANG_WARN_COMMA = YES;
				CLANG_WARN_CONSTANT_CONVERSION = YES;
				CLANG_WARN_DEPRECATED_OBJC_IMPLEMENTATIONS = YES;
				CLANG_WARN_DIRECT_OBJC_ISA_USAGE = YES_ERROR;
				CLANG_WARN_DOCUMENTATION_COMMENTS = YES;
				CLANG_WARN_EMPTY_BODY = YES;
				CLANG_WARN_ENUM_CONVERSION = YES;
				CLANG_WARN_INFINITE_RECURSION = YES;
				CLANG_WARN_INT_CONVERSION = YES;
				CLANG_WARN_NON_LITERAL_NULL_CONVERSION = YES;
				CLANG_WARN_OBJC_IMPLICIT_RETAIN_SELF = YES;
				CLANG_WARN_OBJC_LITERAL_CONVERSION = YES;
				CLANG_WARN_OBJC_ROOT_CLASS = YES_ERROR;
				CLANG_WARN_RANGE_LOOP_ANALYSIS = YES;
				CLANG_WARN_STRICT_PROTOTYPES = YES;
				CLANG_WARN_SUSPICIOUS_MOVE = YES;
				CLANG_WARN_UNGUARDED_AVAILABILITY = YES_AGGRESSIVE;
				CLANG_WARN_UNREACHABLE_CODE = YES;
				CLANG_WARN__DUPLICATE_METHOD_MATCH = YES;
				COPY_PHASE_STRIP = NO;
				DEBUG_INFORMATION_FORMAT = dwarf;
				ENABLE_STRICT_OBJC_MSGSEND = YES;
				ENABLE_TESTABILITY = YES;
				GCC_C_LANGUAGE_STANDARD = gnu11;
				GCC_DYNAMIC_NO_PIC = NO;
				GCC_NO_COMMON_BLOCKS = YES;
				GCC_OPTIMIZATION_LEVEL = 0;
				GCC_PREPROCESSOR_DEFINITIONS = (
					"DEBUG=1",
					"$(inherited)",
				);
				GCC_WARN_64_TO_32_BIT_CONVERSION = YES;
				GCC_WARN_ABOUT_RETURN_TYPE = YES_ERROR;
				GCC_WARN_UNDECLARED_SELECTOR = YES;
				GCC_WARN_UNINITIALIZED_AUTOS = YES_AGGRESSIVE;
				GCC_WARN_UNUSED_FUNCTION = YES;
				GCC_WARN_UNUSED_VARIABLE = YES;
				IPHONEOS_DEPLOYMENT_TARGET = 13.0;
				MTL_ENABLE_DEBUG_INFO = INCLUDE_SOURCE;
				MTL_FAST_MATH = YES;
				ONLY_ACTIVE_ARCH = YES;
				SDKROOT = iphoneos;
				SWIFT_ACTIVE_COMPILATION_CONDITIONS = DEBUG;
				SWIFT_OPTIMIZATION_LEVEL = "-Onone";
			};
			name = Debug;
		};
		ED18028C22D5164C00F2DA71 /* Release */ = {
			isa = XCBuildConfiguration;
			buildSettings = {
				ALWAYS_SEARCH_USER_PATHS = NO;
				CLANG_ANALYZER_NONNULL = YES;
				CLANG_ANALYZER_NUMBER_OBJECT_CONVERSION = YES_AGGRESSIVE;
				CLANG_CXX_LANGUAGE_STANDARD = "gnu++14";
				CLANG_CXX_LIBRARY = "libc++";
				CLANG_ENABLE_MODULES = YES;
				CLANG_ENABLE_OBJC_ARC = YES;
				CLANG_ENABLE_OBJC_WEAK = YES;
				CLANG_WARN_BLOCK_CAPTURE_AUTORELEASING = YES;
				CLANG_WARN_BOOL_CONVERSION = YES;
				CLANG_WARN_COMMA = YES;
				CLANG_WARN_CONSTANT_CONVERSION = YES;
				CLANG_WARN_DEPRECATED_OBJC_IMPLEMENTATIONS = YES;
				CLANG_WARN_DIRECT_OBJC_ISA_USAGE = YES_ERROR;
				CLANG_WARN_DOCUMENTATION_COMMENTS = YES;
				CLANG_WARN_EMPTY_BODY = YES;
				CLANG_WARN_ENUM_CONVERSION = YES;
				CLANG_WARN_INFINITE_RECURSION = YES;
				CLANG_WARN_INT_CONVERSION = YES;
				CLANG_WARN_NON_LITERAL_NULL_CONVERSION = YES;
				CLANG_WARN_OBJC_IMPLICIT_RETAIN_SELF = YES;
				CLANG_WARN_OBJC_LITERAL_CONVERSION = YES;
				CLANG_WARN_OBJC_ROOT_CLASS = YES_ERROR;
				CLANG_WARN_RANGE_LOOP_ANALYSIS = YES;
				CLANG_WARN_STRICT_PROTOTYPES = YES;
				CLANG_WARN_SUSPICIOUS_MOVE = YES;
				CLANG_WARN_UNGUARDED_AVAILABILITY = YES_AGGRESSIVE;
				CLANG_WARN_UNREACHABLE_CODE = YES;
				CLANG_WARN__DUPLICATE_METHOD_MATCH = YES;
				COPY_PHASE_STRIP = NO;
				DEBUG_INFORMATION_FORMAT = "dwarf-with-dsym";
				ENABLE_NS_ASSERTIONS = NO;
				ENABLE_STRICT_OBJC_MSGSEND = YES;
				GCC_C_LANGUAGE_STANDARD = gnu11;
				GCC_NO_COMMON_BLOCKS = YES;
				GCC_WARN_64_TO_32_BIT_CONVERSION = YES;
				GCC_WARN_ABOUT_RETURN_TYPE = YES_ERROR;
				GCC_WARN_UNDECLARED_SELECTOR = YES;
				GCC_WARN_UNINITIALIZED_AUTOS = YES_AGGRESSIVE;
				GCC_WARN_UNUSED_FUNCTION = YES;
				GCC_WARN_UNUSED_VARIABLE = YES;
				IPHONEOS_DEPLOYMENT_TARGET = 13.0;
				MTL_ENABLE_DEBUG_INFO = NO;
				MTL_FAST_MATH = YES;
				SDKROOT = iphoneos;
				SWIFT_COMPILATION_MODE = wholemodule;
				SWIFT_OPTIMIZATION_LEVEL = "-O";
				VALIDATE_PRODUCT = YES;
			};
			name = Release;
		};
		ED18028E22D5164C00F2DA71 /* Debug */ = {
			isa = XCBuildConfiguration;
			buildSettings = {
				ASSETCATALOG_COMPILER_APPICON_NAME = AppIcon;
				CODE_SIGN_STYLE = Automatic;
				DEVELOPMENT_ASSET_PATHS = "TodoMVC/Preview\\ Content";
				DEVELOPMENT_TEAM = V5TNS56NL8;
				ENABLE_PREVIEWS = YES;
				INFOPLIST_FILE = TodoMVC/Info.plist;
				LD_RUNPATH_SEARCH_PATHS = (
					"$(inherited)",
					"@executable_path/Frameworks",
				);
				PRODUCT_BUNDLE_IDENTIFIER = me.ryanashcraft.TodoMVC;
				PRODUCT_NAME = "$(TARGET_NAME)";
				SWIFT_VERSION = 5.0;
				TARGETED_DEVICE_FAMILY = "1,2";
			};
			name = Debug;
		};
		ED18028F22D5164C00F2DA71 /* Release */ = {
			isa = XCBuildConfiguration;
			buildSettings = {
				ASSETCATALOG_COMPILER_APPICON_NAME = AppIcon;
				CODE_SIGN_STYLE = Automatic;
				DEVELOPMENT_ASSET_PATHS = "TodoMVC/Preview\\ Content";
				DEVELOPMENT_TEAM = V5TNS56NL8;
				ENABLE_PREVIEWS = YES;
				INFOPLIST_FILE = TodoMVC/Info.plist;
				LD_RUNPATH_SEARCH_PATHS = (
					"$(inherited)",
					"@executable_path/Frameworks",
				);
				PRODUCT_BUNDLE_IDENTIFIER = me.ryanashcraft.TodoMVC;
				PRODUCT_NAME = "$(TARGET_NAME)";
				SWIFT_VERSION = 5.0;
				TARGETED_DEVICE_FAMILY = "1,2";
			};
			name = Release;
		};
/* End XCBuildConfiguration section */

/* Begin XCConfigurationList section */
		ED18027422D5164C00F2DA71 /* Build configuration list for PBXProject "TodoMVC" */ = {
			isa = XCConfigurationList;
			buildConfigurations = (
				ED18028B22D5164C00F2DA71 /* Debug */,
				ED18028C22D5164C00F2DA71 /* Release */,
			);
			defaultConfigurationIsVisible = 0;
			defaultConfigurationName = Release;
		};
		ED18028D22D5164C00F2DA71 /* Build configuration list for PBXNativeTarget "TodoMVC" */ = {
			isa = XCConfigurationList;
			buildConfigurations = (
				ED18028E22D5164C00F2DA71 /* Debug */,
				ED18028F22D5164C00F2DA71 /* Release */,
			);
			defaultConfigurationIsVisible = 0;
			defaultConfigurationName = Release;
		};
/* End XCConfigurationList section */
	};
	rootObject = ED18027122D5164C00F2DA71 /* Project object */;
}
